
Microsoft Visual Studio Solution File, Format Version 12.00
# Visual Studio Version 17
VisualStudioVersion = 17.9.34728.123
MinimumVisualStudioVersion = 10.0.40219.1
Project("{FAE04EC0-301F-11D3-BF4B-00C04F79EFBC}") = "TP2CORE", "TP2CORE.csproj", "{F56113EC-1710-4CB2-91F2-3E80A69B5755}"
EndProject
Global
	GlobalSection(SolutionConfigurationPlatforms) = preSolution
		Debug|Any CPU = Debug|Any CPU
		Release|Any CPU = Release|Any CPU
	EndGlobalSection
	GlobalSection(ProjectConfigurationPlatforms) = postSolution
		{F56113EC-1710-4CB2-91F2-3E80A69B5755}.Debug|Any CPU.ActiveCfg = Debug|Any CPU
		{F56113EC-1710-4CB2-91F2-3E80A69B5755}.Debug|Any CPU.Build.0 = Debug|Any CPU
		{F56113EC-1710-4CB2-91F2-3E80A69B5755}.Release|Any CPU.ActiveCfg = Release|Any CPU
		{F56113EC-1710-4CB2-91F2-3E80A69B5755}.Release|Any CPU.Build.0 = Release|Any CPU
	EndGlobalSection
	GlobalSection(SolutionProperties) = preSolution
		HideSolutionNode = FALSE
	EndGlobalSection
	GlobalSection(ExtensibilityGlobals) = postSolution
		SolutionGuid = {B7892FF0-F5A6-4312-B188-7C7303D634E2}
	EndGlobalSection
EndGlobal
